
Microsoft Visual Studio Solution File, Format Version 12.00
# Visual Studio Version 17
Project("{8BC9CEB8-8B4A-11D0-8D11-00A0C91BC942}") = "ALL_BUILD", "ALL_BUILD.vcxproj", "{47B6FFF3-2F6A-37FB-ABCB-8F34D7BF9BE9}"
	ProjectSection(ProjectDependencies) = postProject
		{A7E5C353-EE0C-3FCF-B68A-BB1A1878B15E} = {A7E5C353-EE0C-3FCF-B68A-BB1A1878B15E}
		{4BCB0C2A-7FFA-38B4-B27E-EDC2CDCE4C7C} = {4BCB0C2A-7FFA-38B4-B27E-EDC2CDCE4C7C}
		{9996FFD6-4285-3C1B-B7D5-5F92E1E9ED57} = {9996FFD6-4285-3C1B-B7D5-5F92E1E9ED57}
	EndProjectSection
EndProject
Project("{8BC9CEB8-8B4A-11D0-8D11-00A0C91BC942}") = "ZERO_CHECK", "..\\ZERO_CHECK.vcxproj", "{A7E5C353-EE0C-3FCF-B68A-BB1A1878B15E}"
	ProjectSection(ProjectDependencies) = postProject
	EndProjectSection
EndProject
Project("{8BC9CEB8-8B4A-11D0-8D11-00A0C91BC942}") = "eGFX", "egfx\eGFX.vcxproj", "{4BCB0C2A-7FFA-38B4-B27E-EDC2CDCE4C7C}"
	ProjectSection(ProjectDependencies) = postProject
		{A7E5C353-EE0C-3FCF-B68A-BB1A1878B15E} = {A7E5C353-EE0C-3FCF-B68A-BB1A1878B15E}
	EndProjectSection
EndProject
Project("{8BC9CEB8-8B4A-11D0-8D11-00A0C91BC942}") = "test_64_32_32BPP", "test_64_32_32BPP.vcxproj", "{9996FFD6-4285-3C1B-B7D5-5F92E1E9ED57}"
	ProjectSection(ProjectDependencies) = postProject
		{A7E5C353-EE0C-3FCF-B68A-BB1A1878B15E} = {A7E5C353-EE0C-3FCF-B68A-BB1A1878B15E}
		{4BCB0C2A-7FFA-38B4-B27E-EDC2CDCE4C7C} = {4BCB0C2A-7FFA-38B4-B27E-EDC2CDCE4C7C}
	EndProjectSection
EndProject
Global
	GlobalSection(SolutionConfigurationPlatforms) = preSolution
		Debug|x64 = Debug|x64
		Release|x64 = Release|x64
		MinSizeRel|x64 = MinSizeRel|x64
		RelWithDebInfo|x64 = RelWithDebInfo|x64
	EndGlobalSection
	GlobalSection(ProjectConfigurationPlatforms) = postSolution
		{47B6FFF3-2F6A-37FB-ABCB-8F34D7BF9BE9}.Debug|x64.ActiveCfg = Debug|x64
		{47B6FFF3-2F6A-37FB-ABCB-8F34D7BF9BE9}.Release|x64.ActiveCfg = Release|x64
		{47B6FFF3-2F6A-37FB-ABCB-8F34D7BF9BE9}.MinSizeRel|x64.ActiveCfg = MinSizeRel|x64
		{47B6FFF3-2F6A-37FB-ABCB-8F34D7BF9BE9}.RelWithDebInfo|x64.ActiveCfg = RelWithDebInfo|x64
		{A7E5C353-EE0C-3FCF-B68A-BB1A1878B15E}.Debug|x64.ActiveCfg = Debug|x64
		{A7E5C353-EE0C-3FCF-B68A-BB1A1878B15E}.Debug|x64.Build.0 = Debug|x64
		{A7E5C353-EE0C-3FCF-B68A-BB1A1878B15E}.Release|x64.ActiveCfg = Release|x64
		{A7E5C353-EE0C-3FCF-B68A-BB1A1878B15E}.Release|x64.Build.0 = Release|x64
		{A7E5C353-EE0C-3FCF-B68A-BB1A1878B15E}.MinSizeRel|x64.ActiveCfg = MinSizeRel|x64
		{A7E5C353-EE0C-3FCF-B68A-BB1A1878B15E}.MinSizeRel|x64.Build.0 = MinSizeRel|x64
		{A7E5C353-EE0C-3FCF-B68A-BB1A1878B15E}.RelWithDebInfo|x64.ActiveCfg = RelWithDebInfo|x64
		{A7E5C353-EE0C-3FCF-B68A-BB1A1878B15E}.RelWithDebInfo|x64.Build.0 = RelWithDebInfo|x64
		{4BCB0C2A-7FFA-38B4-B27E-EDC2CDCE4C7C}.Debug|x64.ActiveCfg = Debug|x64
		{4BCB0C2A-7FFA-38B4-B27E-EDC2CDCE4C7C}.Debug|x64.Build.0 = Debug|x64
		{4BCB0C2A-7FFA-38B4-B27E-EDC2CDCE4C7C}.Release|x64.ActiveCfg = Release|x64
		{4BCB0C2A-7FFA-38B4-B27E-EDC2CDCE4C7C}.Release|x64.Build.0 = Release|x64
		{4BCB0C2A-7FFA-38B4-B27E-EDC2CDCE4C7C}.MinSizeRel|x64.ActiveCfg = MinSizeRel|x64
		{4BCB0C2A-7FFA-38B4-B27E-EDC2CDCE4C7C}.MinSizeRel|x64.Build.0 = MinSizeRel|x64
		{4BCB0C2A-7FFA-38B4-B27E-EDC2CDCE4C7C}.RelWithDebInfo|x64.ActiveCfg = RelWithDebInfo|x64
		{4BCB0C2A-7FFA-38B4-B27E-EDC2CDCE4C7C}.RelWithDebInfo|x64.Build.0 = RelWithDebInfo|x64
		{9996FFD6-4285-3C1B-B7D5-5F92E1E9ED57}.Debug|x64.ActiveCfg = Debug|x64
		{9996FFD6-4285-3C1B-B7D5-5F92E1E9ED57}.Debug|x64.Build.0 = Debug|x64
		{9996FFD6-4285-3C1B-B7D5-5F92E1E9ED57}.Release|x64.ActiveCfg = Release|x64
		{9996FFD6-4285-3C1B-B7D5-5F92E1E9ED57}.Release|x64.Build.0 = Release|x64
		{9996FFD6-4285-3C1B-B7D5-5F92E1E9ED57}.MinSizeRel|x64.ActiveCfg = MinSizeRel|x64
		{9996FFD6-4285-3C1B-B7D5-5F92E1E9ED57}.MinSizeRel|x64.Build.0 = MinSizeRel|x64
		{9996FFD6-4285-3C1B-B7D5-5F92E1E9ED57}.RelWithDebInfo|x64.ActiveCfg = RelWithDebInfo|x64
		{9996FFD6-4285-3C1B-B7D5-5F92E1E9ED57}.RelWithDebInfo|x64.Build.0 = RelWithDebInfo|x64
	EndGlobalSection
	GlobalSection(ExtensibilityGlobals) = postSolution
		SolutionGuid = {A4B7F483-A813-3E90-99AA-4E1E76DBB868}
	EndGlobalSection
	GlobalSection(ExtensibilityAddIns) = postSolution
	EndGlobalSection
EndGlobal
