<?xml version="1.0" encoding="utf-8"?>
<Project ToolsVersion="17.0" xmlns="http://schemas.microsoft.com/developer/msbuild/2003">
  <ItemGroup>
    <ClCompile Include="C:\ELI\egfx\test\sdl\prj\test_64_32_32BPP\src\eGFX_Test.c">
      <Filter>Source Files</Filter>
    </ClCompile>
    <ClCompile Include="C:\ELI\egfx\test\sdl\prj\test_64_32_32BPP\src\Sprites_32BPP_XRGB888.c">
      <Filter>Source Files</Filter>
    </ClCompile>
    <ClCompile Include="C:\ELI\egfx\src\IO\Display\SDL\eGFX_DisplayDriver_SDL.c">
      <Filter>Source Files</Filter>
    </ClCompile>
  </ItemGroup>
  <ItemGroup>
    <CustomBuild Include="C:\ELI\egfx\test\sdl\prj\test_64_32_32BPP\CMakeLists.txt" />
  </ItemGroup>
  <ItemGroup>
    <Filter Include="Source Files">
      <UniqueIdentifier>{F07DF458-59A6-3E38-9A55-CDCA08441309}</UniqueIdentifier>
    </Filter>
  </ItemGroup>
</Project>
