<?xml version="1.0" encoding="utf-8"?>
<Project ToolsVersion="4.0" xmlns="http://schemas.microsoft.com/developer/msbuild/2003">
  <ItemGroup>
    <ClCompile Include="..\..\..\test\eGFX_Test.c" />
    <ClCompile Include="..\..\..\..\..\SRC\Core\eGFX_Animator.c">
      <Filter>eGFX\Core</Filter>
    </ClCompile>
    <ClCompile Include="..\..\..\..\..\SRC\Core\eGFX_Blit.c">
      <Filter>eGFX\Core</Filter>
    </ClCompile>
    <ClCompile Include="..\..\..\..\..\SRC\Core\eGFX_Obj.c">
      <Filter>eGFX\Core</Filter>
    </ClCompile>
    <ClCompile Include="..\..\..\..\..\SRC\Core\eGFX_PixelOps.c">
      <Filter>eGFX\Core</Filter>
    </ClCompile>
    <ClCompile Include="..\..\..\..\..\SRC\Core\eGFX_Plane.c">
      <Filter>eGFX\Core</Filter>
    </ClCompile>
    <ClCompile Include="..\..\..\..\..\SRC\Core\eGFX_PrimitiveOps.c">
      <Filter>eGFX\Core</Filter>
    </ClCompile>
    <ClCompile Include="..\..\..\..\..\SRC\Core\eGFX_StringOps.c">
      <Filter>eGFX\Core</Filter>
    </ClCompile>
    <ClCompile Include="..\..\..\..\..\SRC\Core\Utilities\eGFX_BMP.c">
      <Filter>eGFX\Core\Utilities</Filter>
    </ClCompile>
    <ClCompile Include="..\..\..\..\..\SRC\Input\eGFX_Input.c">
      <Filter>eGFX\Input</Filter>
    </ClCompile>
    <ClCompile Include="..\..\..\..\..\SRC\Core\Fonts\FONT_3_5_1BPP\FONT_3_5_1BPP.c">
      <Filter>eGFX\Core\Fonts</Filter>
    </ClCompile>
    <ClCompile Include="..\..\..\..\..\SRC\Core\Fonts\FONT_5_7_1BPP\FONT_5_7_1BPP.c">
      <Filter>eGFX\Core\Fonts</Filter>
    </ClCompile>
    <ClCompile Include="..\..\..\..\..\SRC\Core\Fonts\FONT_10_14_1BPP\FONT_10_14_1BPP.c">
      <Filter>eGFX\Core\Fonts</Filter>
    </ClCompile>
    <ClCompile Include="..\..\..\..\ASSETS\Sprites\Sprites_4BPP.c">
      <Filter>Assets\Sprites</Filter>
    </ClCompile>
    <ClCompile Include="..\..\..\..\ASSETS\Fonts\Comic_Sans_MS__24px__Bold__AntiAliasGridFit_4BPP\Comic_Sans_MS__24px__Bold__AntiAliasGridFit_4BPP.c">
      <Filter>Assets\Fonts</Filter>
    </ClCompile>
    <ClCompile Include="..\..\..\..\ASSETS\Sprites\Sprites_16BPP_RGB565.c">
      <Filter>Assets\Sprites</Filter>
    </ClCompile>
    <ClCompile Include="..\..\..\..\ASSETS\Sprites\Sprites_16BPP_BGR565.c">
      <Filter>Assets\Sprites</Filter>
    </ClCompile>
    <ClCompile Include="..\..\..\..\..\SRC\Core\eGFX_Obj__Sprite.c">
      <Filter>eGFX\Core</Filter>
    </ClCompile>
    <ClCompile Include="..\..\..\..\..\SRC\Core\eGFX_Obj__Circle.c">
      <Filter>eGFX\Core</Filter>
    </ClCompile>
    <ClCompile Include="..\..\..\..\..\SRC\UI\eGFX_Activity.c">
      <Filter>eGFX\UI</Filter>
    </ClCompile>
    <ClCompile Include="..\..\..\..\ACTIVITIES\Activity__CircleTest.c">
      <Filter>Activities</Filter>
    </ClCompile>
    <ClCompile Include="..\..\..\..\ACTIVITIES\Activity__SpriteTest.c">
      <Filter>Activities</Filter>
    </ClCompile>
    <ClCompile Include="..\..\..\..\..\CONFIG\DISPLAY_DRIVERS\SDL\eGFX_DisplayDriver_SDL.c">
      <Filter>eGFX_Config</Filter>
    </ClCompile>
    <ClCompile Include="..\..\..\..\..\CONFIG\INPUT_DRIVERS\SDL\eGFX_InputDriver_SDL.c">
      <Filter>eGFX_Config</Filter>
    </ClCompile>
  </ItemGroup>
  <ItemGroup>
    <Filter Include="eGFX">
      <UniqueIdentifier>{126dbf7f-7869-48b2-a5f5-67a34e6cc78c}</UniqueIdentifier>
    </Filter>
    <Filter Include="eGFX\Core">
      <UniqueIdentifier>{1f41ab31-92f9-4aab-bd67-2c0b361c19f2}</UniqueIdentifier>
    </Filter>
    <Filter Include="eGFX\Input">
      <UniqueIdentifier>{d2af6e37-6212-407a-a768-d4fc27970152}</UniqueIdentifier>
    </Filter>
    <Filter Include="eGFX\UI">
      <UniqueIdentifier>{35da85ed-36ed-434f-a999-4eeb9ebe8ab4}</UniqueIdentifier>
    </Filter>
    <Filter Include="eGFX\Core\Utilities">
      <UniqueIdentifier>{e5bb7b4e-dff9-4774-9c7f-841cb801d5f1}</UniqueIdentifier>
    </Filter>
    <Filter Include="eGFX\Core\Fonts">
      <UniqueIdentifier>{5c4ce144-c77b-40d3-adc5-aaa7b42317fa}</UniqueIdentifier>
    </Filter>
    <Filter Include="Assets">
      <UniqueIdentifier>{fd6afd81-3df9-4b89-96f7-1fd937c86648}</UniqueIdentifier>
    </Filter>
    <Filter Include="Assets\Sprites">
      <UniqueIdentifier>{058a3ffb-5f4b-4fac-8d03-99b25e500e56}</UniqueIdentifier>
    </Filter>
    <Filter Include="Assets\Fonts">
      <UniqueIdentifier>{380374d1-28ec-49b7-b565-43a4607166a2}</UniqueIdentifier>
    </Filter>
    <Filter Include="Activities">
      <UniqueIdentifier>{36b96506-3d91-4cfe-ace1-e51b1e688d7f}</UniqueIdentifier>
    </Filter>
    <Filter Include="eGFX_Config">
      <UniqueIdentifier>{872524a8-3e44-42d8-b0a0-9c9ab6f043bf}</UniqueIdentifier>
    </Filter>
  </ItemGroup>
  <ItemGroup>
    <ClInclude Include="..\..\..\..\..\SRC\eGFX.h">
      <Filter>eGFX</Filter>
    </ClInclude>
    <ClInclude Include="..\..\..\..\..\SRC\Core\eGFX_Animator.h">
      <Filter>eGFX\Core</Filter>
    </ClInclude>
    <ClInclude Include="..\..\..\..\..\SRC\Core\eGFX_Blit.h">
      <Filter>eGFX\Core</Filter>
    </ClInclude>
    <ClInclude Include="..\..\..\..\..\SRC\Core\eGFX_DataTypes.h">
      <Filter>eGFX\Core</Filter>
    </ClInclude>
    <ClInclude Include="..\..\..\..\..\SRC\Core\eGFX_Obj.h">
      <Filter>eGFX\Core</Filter>
    </ClInclude>
    <ClInclude Include="..\..\..\..\..\SRC\Core\eGFX_PixelOps.h">
      <Filter>eGFX\Core</Filter>
    </ClInclude>
    <ClInclude Include="..\..\..\..\..\SRC\Core\eGFX_Plane.h">
      <Filter>eGFX\Core</Filter>
    </ClInclude>
    <ClInclude Include="..\..\..\..\..\SRC\Core\eGFX_PrimitiveOps.h">
      <Filter>eGFX\Core</Filter>
    </ClInclude>
    <ClInclude Include="..\..\..\..\..\SRC\Core\eGFX_StringOps.h">
      <Filter>eGFX\Core</Filter>
    </ClInclude>
    <ClInclude Include="..\..\..\..\..\SRC\Core\Utilities\eGFX_BMP.h">
      <Filter>eGFX\Core\Utilities</Filter>
    </ClInclude>
    <ClInclude Include="..\..\..\..\..\SRC\Input\eGFX_Input.h">
      <Filter>eGFX\Input</Filter>
    </ClInclude>
    <ClInclude Include="..\..\..\..\..\SRC\Input\eGFX_InputTypes.h">
      <Filter>eGFX\Input</Filter>
    </ClInclude>
    <ClInclude Include="..\..\..\..\..\SRC\Core\Fonts\FONT_3_5_1BPP\FONT_3_5_1BPP.h">
      <Filter>eGFX\Core\Fonts</Filter>
    </ClInclude>
    <ClInclude Include="..\..\..\..\..\SRC\Core\Fonts\FONT_5_7_1BPP\FONT_5_7_1BPP.h">
      <Filter>eGFX\Core\Fonts</Filter>
    </ClInclude>
    <ClInclude Include="..\..\..\..\..\SRC\Core\Fonts\FONT_10_14_1BPP\FONT_10_14_1BPP.h">
      <Filter>eGFX\Core\Fonts</Filter>
    </ClInclude>
    <ClInclude Include="..\..\..\..\ASSETS\Sprites\Sprites_4BPP.h">
      <Filter>Assets\Sprites</Filter>
    </ClInclude>
    <ClInclude Include="..\..\..\..\ASSETS\Fonts\Comic_Sans_MS__24px__Bold__AntiAliasGridFit_4BPP\Comic_Sans_MS__24px__Bold__AntiAliasGridFit_4BPP.h">
      <Filter>Assets\Fonts</Filter>
    </ClInclude>
    <ClInclude Include="..\..\..\..\ASSETS\Sprites\Sprites_16BPP_BGR565.h">
      <Filter>Assets\Sprites</Filter>
    </ClInclude>
    <ClInclude Include="..\..\..\..\ASSETS\Sprites\Sprites_16BPP_RGB565.h">
      <Filter>Assets\Sprites</Filter>
    </ClInclude>
    <ClInclude Include="..\..\..\..\..\SRC\Core\eGFX_Obj__Sprite.h">
      <Filter>eGFX\Core</Filter>
    </ClInclude>
    <ClInclude Include="..\..\..\..\..\SRC\Core\eGFX_Obj__Circle.h">
      <Filter>eGFX\Core</Filter>
    </ClInclude>
    <ClInclude Include="..\..\..\..\..\SRC\UI\eGFX_Activity.h">
      <Filter>eGFX\UI</Filter>
    </ClInclude>
    <ClInclude Include="..\..\..\..\ACTIVITIES\Activity__CircleTest.h">
      <Filter>Activities</Filter>
    </ClInclude>
    <ClInclude Include="..\..\..\..\ACTIVITIES\Activity__SpriteTest.h">
      <Filter>Activities</Filter>
    </ClInclude>
    <ClInclude Include="..\..\..\..\..\CONFIG\DISPLAY_DRIVERS\SDL\eGFX_DisplayDriver_SDL.h">
      <Filter>eGFX_Config</Filter>
    </ClInclude>
    <ClInclude Include="..\..\..\..\..\CONFIG\INPUT_DRIVERS\SDL\eGFX_InputDriver_SDL.h">
      <Filter>eGFX_Config</Filter>
    </ClInclude>
    <ClInclude Include="..\..\..\..\..\CONFIG\eGFX_Config.h">
      <Filter>eGFX_Config</Filter>
    </ClInclude>
  </ItemGroup>
</Project>